
Microsoft Visual Studio Solution File, Format Version 12.00
# Visual Studio Version 17
VisualStudioVersion = 17.4.33205.214
MinimumVisualStudioVersion = 10.0.40219.1
Project("{FAE04EC0-301F-11D3-BF4B-00C04F79EFBC}") = "BankTest", "BankTest\BankTest.csproj", "{5D46D218-2ECB-4922-A728-5A8F652B26F3}"
EndProject
Global
	GlobalSection(SolutionConfigurationPlatforms) = preSolution
		Debug|Any CPU = Debug|Any CPU
		Release|Any CPU = Release|Any CPU
	EndGlobalSection
	GlobalSection(ProjectConfigurationPlatforms) = postSolution
		{5D46D218-2ECB-4922-A728-5A8F652B26F3}.Debug|Any CPU.ActiveCfg = Debug|Any CPU
		{5D46D218-2ECB-4922-A728-5A8F652B26F3}.Debug|Any CPU.Build.0 = Debug|Any CPU
		{5D46D218-2ECB-4922-A728-5A8F652B26F3}.Release|Any CPU.ActiveCfg = Release|Any CPU
		{5D46D218-2ECB-4922-A728-5A8F652B26F3}.Release|Any CPU.Build.0 = Release|Any CPU
	EndGlobalSection
	GlobalSection(SolutionProperties) = preSolution
		HideSolutionNode = FALSE
	EndGlobalSection
	GlobalSection(ExtensibilityGlobals) = postSolution
		SolutionGuid = {E0E763FE-EF6B-4149-A9F0-24F589125616}
	EndGlobalSection
EndGlobal
